
Microsoft Visual Studio Solution File, Format Version 12.00
# Visual Studio Version 16
VisualStudioVersion = 16.0.31515.178
MinimumVisualStudioVersion = 10.0.40219.1
Project("{888888A0-9F3D-457C-B088-3A5042F75D52}") = "CIS110 Course Project", "CIS110 Course Project.pyproj", "{5B9191A1-86FB-4ED2-BC54-6135D2B2C405}"
EndProject
Global
	GlobalSection(SolutionConfigurationPlatforms) = preSolution
		Debug|Any CPU = Debug|Any CPU
		Release|Any CPU = Release|Any CPU
	EndGlobalSection
	GlobalSection(ProjectConfigurationPlatforms) = postSolution
		{5B9191A1-86FB-4ED2-BC54-6135D2B2C405}.Debug|Any CPU.ActiveCfg = Debug|Any CPU
		{5B9191A1-86FB-4ED2-BC54-6135D2B2C405}.Release|Any CPU.ActiveCfg = Release|Any CPU
	EndGlobalSection
	GlobalSection(SolutionProperties) = preSolution
		HideSolutionNode = FALSE
	EndGlobalSection
	GlobalSection(ExtensibilityGlobals) = postSolution
		SolutionGuid = {0F432547-3ADE-4A36-A953-4BBC9973D381}
	EndGlobalSection
EndGlobal
